// !$*UTF8*$!
{
	archiveVersion = 1;
	classes = {
	};
	objectVersion = 55;
	objects = {

/* Begin PBXBuildFile section */
		F42A7C00299A610400114DDA /* main.swift in Sources */ = {isa = PBXBuildFile; fileRef = F42A7BFF299A610400114DDA /* main.swift */; };
		F42B92D127FAD80D0069A342 /* main.swift in Sources */ = {isa = PBXBuildFile; fileRef = F42B92D027FAD80D0069A342 /* main.swift */; };
		F42B92D827FAD8240069A342 /* ListNode.swift in Sources */ = {isa = PBXBuildFile; fileRef = F42B92D727FAD8240069A342 /* ListNode.swift */; };
		F42B92E027FAF9610069A342 /* main.swift in Sources */ = {isa = PBXBuildFile; fileRef = F42B92DF27FAF9610069A342 /* main.swift */; };
		F42B92E527FAF9D60069A342 /* ListNode.swift in Sources */ = {isa = PBXBuildFile; fileRef = F42B92D727FAD8240069A342 /* ListNode.swift */; };
/* End PBXBuildFile section */

/* Begin PBXCopyFilesBuildPhase section */
		F42A7BFB299A610400114DDA /* CopyFiles */ = {
			isa = PBXCopyFilesBuildPhase;
			buildActionMask = 2147483647;
			dstPath = /usr/share/man/man1/;
			dstSubfolderSpec = 0;
			files = (
			);
			runOnlyForDeploymentPostprocessing = 1;
		};
		F42B92CB27FAD80D0069A342 /* CopyFiles */ = {
			isa = PBXCopyFilesBuildPhase;
			buildActionMask = 2147483647;
			dstPath = /usr/share/man/man1/;
			dstSubfolderSpec = 0;
			files = (
			);
			runOnlyForDeploymentPostprocessing = 1;
		};
		F42B92DB27FAF9610069A342 /* CopyFiles */ = {
			isa = PBXCopyFilesBuildPhase;
			buildActionMask = 2147483647;
			dstPath = /usr/share/man/man1/;
			dstSubfolderSpec = 0;
			files = (
			);
			runOnlyForDeploymentPostprocessing = 1;
		};
/* End PBXCopyFilesBuildPhase section */

/* Begin PBXFileReference section */
		F42A7BFD299A610400114DDA /* Merge Two Sorted Lists */ = {isa = PBXFileReference; explicitFileType = "compiled.mach-o.executable"; includeInIndex = 0; path = "Merge Two Sorted Lists"; sourceTree = BUILT_PRODUCTS_DIR; };
		F42A7BFF299A610400114DDA /* main.swift */ = {isa = PBXFileReference; lastKnownFileType = sourcecode.swift; path = main.swift; sourceTree = "<group>"; };
		F42B92CD27FAD80D0069A342 /* Linked List */ = {isa = PBXFileReference; explicitFileType = "compiled.mach-o.executable"; includeInIndex = 0; path = "Linked List"; sourceTree = BUILT_PRODUCTS_DIR; };
		F42B92D027FAD80D0069A342 /* main.swift */ = {isa = PBXFileReference; lastKnownFileType = sourcecode.swift; path = main.swift; sourceTree = "<group>"; };
		F42B92D727FAD8240069A342 /* ListNode.swift */ = {isa = PBXFileReference; lastKnownFileType = sourcecode.swift; path = ListNode.swift; sourceTree = "<group>"; };
		F42B92DD27FAF9610069A342 /* Reverse Linked List */ = {isa = PBXFileReference; explicitFileType = "compiled.mach-o.executable"; includeInIndex = 0; path = "Reverse Linked List"; sourceTree = BUILT_PRODUCTS_DIR; };
		F42B92DF27FAF9610069A342 /* main.swift */ = {isa = PBXFileReference; lastKnownFileType = sourcecode.swift; path = main.swift; sourceTree = "<group>"; };
/* End PBXFileReference section */

/* Begin PBXFrameworksBuildPhase section */
		F42A7BFA299A610400114DDA /* Frameworks */ = {
			isa = PBXFrameworksBuildPhase;
			buildActionMask = 2147483647;
			files = (
			);
			runOnlyForDeploymentPostprocessing = 0;
		};
		F42B92CA27FAD80D0069A342 /* Frameworks */ = {
			isa = PBXFrameworksBuildPhase;
			buildActionMask = 2147483647;
			files = (
			);
			runOnlyForDeploymentPostprocessing = 0;
		};
		F42B92DA27FAF9610069A342 /* Frameworks */ = {
			isa = PBXFrameworksBuildPhase;
			buildActionMask = 2147483647;
			files = (
			);
			runOnlyForDeploymentPostprocessing = 0;
		};
/* End PBXFrameworksBuildPhase section */

/* Begin PBXGroup section */
		F42A7BFE299A610400114DDA /* Merge Two Sorted Lists */ = {
			isa = PBXGroup;
			children = (
				F42A7BFF299A610400114DDA /* main.swift */,
			);
			path = "Merge Two Sorted Lists";
			sourceTree = "<group>";
		};
		F42B92C427FAD80D0069A342 = {
			isa = PBXGroup;
			children = (
				F42B92CF27FAD80D0069A342 /* Linked List */,
				F42B92DE27FAF9610069A342 /* Reverse Linked List */,
				F42A7BFE299A610400114DDA /* Merge Two Sorted Lists */,
				F42B92CE27FAD80D0069A342 /* Products */,
			);
			sourceTree = "<group>";
		};
		F42B92CE27FAD80D0069A342 /* Products */ = {
			isa = PBXGroup;
			children = (
				F42B92CD27FAD80D0069A342 /* Linked List */,
				F42B92DD27FAF9610069A342 /* Reverse Linked List */,
				F42A7BFD299A610400114DDA /* Merge Two Sorted Lists */,
			);
			name = Products;
			sourceTree = "<group>";
		};
		F42B92CF27FAD80D0069A342 /* Linked List */ = {
			isa = PBXGroup;
			children = (
				F42B92D027FAD80D0069A342 /* main.swift */,
				F42B92D727FAD8240069A342 /* ListNode.swift */,
			);
			path = "Linked List";
			sourceTree = "<group>";
		};
		F42B92DE27FAF9610069A342 /* Reverse Linked List */ = {
			isa = PBXGroup;
			children = (
				F42B92DF27FAF9610069A342 /* main.swift */,
			);
			path = "Reverse Linked List";
			sourceTree = "<group>";
		};
/* End PBXGroup section */

/* Begin PBXNativeTarget section */
		F42A7BFC299A610400114DDA /* Merge Two Sorted Lists */ = {
			isa = PBXNativeTarget;
			buildConfigurationList = F42A7C03299A610400114DDA /* Build configuration list for PBXNativeTarget "Merge Two Sorted Lists" */;
			buildPhases = (
				F42A7BF9299A610400114DDA /* Sources */,
				F42A7BFA299A610400114DDA /* Frameworks */,
				F42A7BFB299A610400114DDA /* CopyFiles */,
			);
			buildRules = (
			);
			dependencies = (
			);
			name = "Merge Two Sorted Lists";
			productName = "Merge Two Sorted Lists";
			productReference = F42A7BFD299A610400114DDA /* Merge Two Sorted Lists */;
			productType = "com.apple.product-type.tool";
		};
		F42B92CC27FAD80D0069A342 /* Linked List */ = {
			isa = PBXNativeTarget;
			buildConfigurationList = F42B92D427FAD80D0069A342 /* Build configuration list for PBXNativeTarget "Linked List" */;
			buildPhases = (
				F42B92C927FAD80D0069A342 /* Sources */,
				F42B92CA27FAD80D0069A342 /* Frameworks */,
				F42B92CB27FAD80D0069A342 /* CopyFiles */,
			);
			buildRules = (
			);
			dependencies = (
			);
			name = "Linked List";
			productName = "Linked List";
			productReference = F42B92CD27FAD80D0069A342 /* Linked List */;
			productType = "com.apple.product-type.tool";
		};
		F42B92DC27FAF9610069A342 /* Reverse Linked List */ = {
			isa = PBXNativeTarget;
			buildConfigurationList = F42B92E127FAF9610069A342 /* Build configuration list for PBXNativeTarget "Reverse Linked List" */;
			buildPhases = (
				F42B92D927FAF9610069A342 /* Sources */,
				F42B92DA27FAF9610069A342 /* Frameworks */,
				F42B92DB27FAF9610069A342 /* CopyFiles */,
			);
			buildRules = (
			);
			dependencies = (
			);
			name = "Reverse Linked List";
			productName = "Reverse Linked List";
			productReference = F42B92DD27FAF9610069A342 /* Reverse Linked List */;
			productType = "com.apple.product-type.tool";
		};
/* End PBXNativeTarget section */

/* Begin PBXProject section */
		F42B92C527FAD80D0069A342 /* Project object */ = {
			isa = PBXProject;
			attributes = {
				BuildIndependentTargetsInParallel = 1;
				LastSwiftUpdateCheck = 1420;
				LastUpgradeCheck = 1330;
				TargetAttributes = {
					F42A7BFC299A610400114DDA = {
						CreatedOnToolsVersion = 14.2;
					};
					F42B92CC27FAD80D0069A342 = {
						CreatedOnToolsVersion = 13.3;
					};
					F42B92DC27FAF9610069A342 = {
						CreatedOnToolsVersion = 13.3;
					};
				};
			};
			buildConfigurationList = F42B92C827FAD80D0069A342 /* Build configuration list for PBXProject "Linked List" */;
			compatibilityVersion = "Xcode 13.0";
			developmentRegion = en;
			hasScannedForEncodings = 0;
			knownRegions = (
				en,
				Base,
			);
			mainGroup = F42B92C427FAD80D0069A342;
			productRefGroup = F42B92CE27FAD80D0069A342 /* Products */;
			projectDirPath = "";
			projectRoot = "";
			targets = (
				F42B92CC27FAD80D0069A342 /* Linked List */,
				F42B92DC27FAF9610069A342 /* Reverse Linked List */,
				F42A7BFC299A610400114DDA /* Merge Two Sorted Lists */,
			);
		};
/* End PBXProject section */

/* Begin PBXSourcesBuildPhase section */
		F42A7BF9299A610400114DDA /* Sources */ = {
			isa = PBXSourcesBuildPhase;
			buildActionMask = 2147483647;
			files = (
				F42A7C00299A610400114DDA /* main.swift in Sources */,
			);
			runOnlyForDeploymentPostprocessing = 0;
		};
		F42B92C927FAD80D0069A342 /* Sources */ = {
			isa = PBXSourcesBuildPhase;
			buildActionMask = 2147483647;
			files = (
				F42B92D127FAD80D0069A342 /* main.swift in Sources */,
				F42B92D827FAD8240069A342 /* ListNode.swift in Sources */,
			);
			runOnlyForDeploymentPostprocessing = 0;
		};
		F42B92D927FAF9610069A342 /* Sources */ = {
			isa = PBXSourcesBuildPhase;
			buildActionMask = 2147483647;
			files = (
				F42B92E027FAF9610069A342 /* main.swift in Sources */,
				F42B92E527FAF9D60069A342 /* ListNode.swift in Sources */,
			);
			runOnlyForDeploymentPostprocessing = 0;
		};
/* End PBXSourcesBuildPhase section */

/* Begin XCBuildConfiguration section */
		F42A7C01299A610400114DDA /* Debug */ = {
			isa = XCBuildConfiguration;
			buildSettings = {
				CLANG_CXX_LANGUAGE_STANDARD = "gnu++20";
				CODE_SIGN_STYLE = Automatic;
				DEVELOPMENT_TEAM = KE5GUHT62N;
				ENABLE_HARDENED_RUNTIME = YES;
				MACOSX_DEPLOYMENT_TARGET = 12.5;
				PRODUCT_NAME = "$(TARGET_NAME)";
				SWIFT_VERSION = 5.0;
			};
			name = Debug;
		};
		F42A7C02299A610400114DDA /* Release */ = {
			isa = XCBuildConfiguration;
			buildSettings = {
				CLANG_CXX_LANGUAGE_STANDARD = "gnu++20";
				CODE_SIGN_STYLE = Automatic;
				DEVELOPMENT_TEAM = KE5GUHT62N;
				ENABLE_HARDENED_RUNTIME = YES;
				MACOSX_DEPLOYMENT_TARGET = 12.5;
				PRODUCT_NAME = "$(TARGET_NAME)";
				SWIFT_VERSION = 5.0;
			};
			name = Release;
		};
		F42B92D227FAD80D0069A342 /* Debug */ = {
			isa = XCBuildConfiguration;
			buildSettings = {
				ALWAYS_SEARCH_USER_PATHS = NO;
				CLANG_ANALYZER_NONNULL = YES;
				CLANG_ANALYZER_NUMBER_OBJECT_CONVERSION = YES_AGGRESSIVE;
				CLANG_CXX_LANGUAGE_STANDARD = "gnu++17";
				CLANG_ENABLE_MODULES = YES;
				CLANG_ENABLE_OBJC_ARC = YES;
				CLANG_ENABLE_OBJC_WEAK = YES;
				CLANG_WARN_BLOCK_CAPTURE_AUTORELEASING = YES;
				CLANG_WARN_BOOL_CONVERSION = YES;
				CLANG_WARN_COMMA = YES;
				CLANG_WARN_CONSTANT_CONVERSION = YES;
				CLANG_WARN_DEPRECATED_OBJC_IMPLEMENTATIONS = YES;
				CLANG_WARN_DIRECT_OBJC_ISA_USAGE = YES_ERROR;
				CLANG_WARN_DOCUMENTATION_COMMENTS = YES;
				CLANG_WARN_EMPTY_BODY = YES;
				CLANG_WARN_ENUM_CONVERSION = YES;
				CLANG_WARN_INFINITE_RECURSION = YES;
				CLANG_WARN_INT_CONVERSION = YES;
				CLANG_WARN_NON_LITERAL_NULL_CONVERSION = YES;
				CLANG_WARN_OBJC_IMPLICIT_RETAIN_SELF = YES;
				CLANG_WARN_OBJC_LITERAL_CONVERSION = YES;
				CLANG_WARN_OBJC_ROOT_CLASS = YES_ERROR;
				CLANG_WARN_QUOTED_INCLUDE_IN_FRAMEWORK_HEADER = YES;
				CLANG_WARN_RANGE_LOOP_ANALYSIS = YES;
				CLANG_WARN_STRICT_PROTOTYPES = YES;
				CLANG_WARN_SUSPICIOUS_MOVE = YES;
				CLANG_WARN_UNGUARDED_AVAILABILITY = YES_AGGRESSIVE;
				CLANG_WARN_UNREACHABLE_CODE = YES;
				CLANG_WARN__DUPLICATE_METHOD_MATCH = YES;
				COPY_PHASE_STRIP = NO;
				DEBUG_INFORMATION_FORMAT = dwarf;
				ENABLE_STRICT_OBJC_MSGSEND = YES;
				ENABLE_TESTABILITY = YES;
				GCC_C_LANGUAGE_STANDARD = gnu11;
				GCC_DYNAMIC_NO_PIC = NO;
				GCC_NO_COMMON_BLOCKS = YES;
				GCC_OPTIMIZATION_LEVEL = 0;
				GCC_PREPROCESSOR_DEFINITIONS = (
					"DEBUG=1",
					"$(inherited)",
				);
				GCC_WARN_64_TO_32_BIT_CONVERSION = YES;
				GCC_WARN_ABOUT_RETURN_TYPE = YES_ERROR;
				GCC_WARN_UNDECLARED_SELECTOR = YES;
				GCC_WARN_UNINITIALIZED_AUTOS = YES_AGGRESSIVE;
				GCC_WARN_UNUSED_FUNCTION = YES;
				GCC_WARN_UNUSED_VARIABLE = YES;
				MACOSX_DEPLOYMENT_TARGET = 12.3;
				MTL_ENABLE_DEBUG_INFO = INCLUDE_SOURCE;
				MTL_FAST_MATH = YES;
				ONLY_ACTIVE_ARCH = YES;
				SDKROOT = macosx;
				SWIFT_ACTIVE_COMPILATION_CONDITIONS = DEBUG;
				SWIFT_OPTIMIZATION_LEVEL = "-Onone";
			};
			name = Debug;
		};
		F42B92D327FAD80D0069A342 /* Release */ = {
			isa = XCBuildConfiguration;
			buildSettings = {
				ALWAYS_SEARCH_USER_PATHS = NO;
				CLANG_ANALYZER_NONNULL = YES;
				CLANG_ANALYZER_NUMBER_OBJECT_CONVERSION = YES_AGGRESSIVE;
				CLANG_CXX_LANGUAGE_STANDARD = "gnu++17";
				CLANG_ENABLE_MODULES = YES;
				CLANG_ENABLE_OBJC_ARC = YES;
				CLANG_ENABLE_OBJC_WEAK = YES;
				CLANG_WARN_BLOCK_CAPTURE_AUTORELEASING = YES;
				CLANG_WARN_BOOL_CONVERSION = YES;
				CLANG_WARN_COMMA = YES;
				CLANG_WARN_CONSTANT_CONVERSION = YES;
				CLANG_WARN_DEPRECATED_OBJC_IMPLEMENTATIONS = YES;
				CLANG_WARN_DIRECT_OBJC_ISA_USAGE = YES_ERROR;
				CLANG_WARN_DOCUMENTATION_COMMENTS = YES;
				CLANG_WARN_EMPTY_BODY = YES;
				CLANG_WARN_ENUM_CONVERSION = YES;
				CLANG_WARN_INFINITE_RECURSION = YES;
				CLANG_WARN_INT_CONVERSION = YES;
				CLANG_WARN_NON_LITERAL_NULL_CONVERSION = YES;
				CLANG_WARN_OBJC_IMPLICIT_RETAIN_SELF = YES;
				CLANG_WARN_OBJC_LITERAL_CONVERSION = YES;
				CLANG_WARN_OBJC_ROOT_CLASS = YES_ERROR;
				CLANG_WARN_QUOTED_INCLUDE_IN_FRAMEWORK_HEADER = YES;
				CLANG_WARN_RANGE_LOOP_ANALYSIS = YES;
				CLANG_WARN_STRICT_PROTOTYPES = YES;
				CLANG_WARN_SUSPICIOUS_MOVE = YES;
				CLANG_WARN_UNGUARDED_AVAILABILITY = YES_AGGRESSIVE;
				CLANG_WARN_UNREACHABLE_CODE = YES;
				CLANG_WARN__DUPLICATE_METHOD_MATCH = YES;
				COPY_PHASE_STRIP = NO;
				DEBUG_INFORMATION_FORMAT = "dwarf-with-dsym";
				ENABLE_NS_ASSERTIONS = NO;
				ENABLE_STRICT_OBJC_MSGSEND = YES;
				GCC_C_LANGUAGE_STANDARD = gnu11;
				GCC_NO_COMMON_BLOCKS = YES;
				GCC_WARN_64_TO_32_BIT_CONVERSION = YES;
				GCC_WARN_ABOUT_RETURN_TYPE = YES_ERROR;
				GCC_WARN_UNDECLARED_SELECTOR = YES;
				GCC_WARN_UNINITIALIZED_AUTOS = YES_AGGRESSIVE;
				GCC_WARN_UNUSED_FUNCTION = YES;
				GCC_WARN_UNUSED_VARIABLE = YES;
				MACOSX_DEPLOYMENT_TARGET = 12.3;
				MTL_ENABLE_DEBUG_INFO = NO;
				MTL_FAST_MATH = YES;
				SDKROOT = macosx;
				SWIFT_COMPILATION_MODE = wholemodule;
				SWIFT_OPTIMIZATION_LEVEL = "-O";
			};
			name = Release;
		};
		F42B92D527FAD80D0069A342 /* Debug */ = {
			isa = XCBuildConfiguration;
			buildSettings = {
				CODE_SIGN_STYLE = Automatic;
				DEVELOPMENT_TEAM = KE5GUHT62N;
				ENABLE_HARDENED_RUNTIME = YES;
				PRODUCT_NAME = "$(TARGET_NAME)";
				SWIFT_VERSION = 5.0;
			};
			name = Debug;
		};
		F42B92D627FAD80D0069A342 /* Release */ = {
			isa = XCBuildConfiguration;
			buildSettings = {
				CODE_SIGN_STYLE = Automatic;
				DEVELOPMENT_TEAM = KE5GUHT62N;
				ENABLE_HARDENED_RUNTIME = YES;
				PRODUCT_NAME = "$(TARGET_NAME)";
				SWIFT_VERSION = 5.0;
			};
			name = Release;
		};
		F42B92E227FAF9610069A342 /* Debug */ = {
			isa = XCBuildConfiguration;
			buildSettings = {
				CODE_SIGN_STYLE = Automatic;
				DEVELOPMENT_TEAM = KE5GUHT62N;
				ENABLE_HARDENED_RUNTIME = YES;
				PRODUCT_NAME = "$(TARGET_NAME)";
				SWIFT_VERSION = 5.0;
			};
			name = Debug;
		};
		F42B92E327FAF9610069A342 /* Release */ = {
			isa = XCBuildConfiguration;
			buildSettings = {
				CODE_SIGN_STYLE = Automatic;
				DEVELOPMENT_TEAM = KE5GUHT62N;
				ENABLE_HARDENED_RUNTIME = YES;
				PRODUCT_NAME = "$(TARGET_NAME)";
				SWIFT_VERSION = 5.0;
			};
			name = Release;
		};
/* End XCBuildConfiguration section */

/* Begin XCConfigurationList section */
		F42A7C03299A610400114DDA /* Build configuration list for PBXNativeTarget "Merge Two Sorted Lists" */ = {
			isa = XCConfigurationList;
			buildConfigurations = (
				F42A7C01299A610400114DDA /* Debug */,
				F42A7C02299A610400114DDA /* Release */,
			);
			defaultConfigurationIsVisible = 0;
			defaultConfigurationName = Release;
		};
		F42B92C827FAD80D0069A342 /* Build configuration list for PBXProject "Linked List" */ = {
			isa = XCConfigurationList;
			buildConfigurations = (
				F42B92D227FAD80D0069A342 /* Debug */,
				F42B92D327FAD80D0069A342 /* Release */,
			);
			defaultConfigurationIsVisible = 0;
			defaultConfigurationName = Release;
		};
		F42B92D427FAD80D0069A342 /* Build configuration list for PBXNativeTarget "Linked List" */ = {
			isa = XCConfigurationList;
			buildConfigurations = (
				F42B92D527FAD80D0069A342 /* Debug */,
				F42B92D627FAD80D0069A342 /* Release */,
			);
			defaultConfigurationIsVisible = 0;
			defaultConfigurationName = Release;
		};
		F42B92E127FAF9610069A342 /* Build configuration list for PBXNativeTarget "Reverse Linked List" */ = {
			isa = XCConfigurationList;
			buildConfigurations = (
				F42B92E227FAF9610069A342 /* Debug */,
				F42B92E327FAF9610069A342 /* Release */,
			);
			defaultConfigurationIsVisible = 0;
			defaultConfigurationName = Release;
		};
/* End XCConfigurationList section */
	};
	rootObject = F42B92C527FAD80D0069A342 /* Project object */;
}
